github.com/Des1red/clihelp v1.0.2 h1:3jE0u7B8y5oGdrUDfj6Vfa4tpmmwFUmSdMMae3ZWloY=
github.com/Des1red/clihelp v1.0.2/go.mod h1:4sMd2I5rpd6Sqb/o9EC4P37OajqkQeZMzxGZ2TIPaTg=
golang.org/x/net v0.50.0 h1:ucWh9eiCGyDR3vtzso0WMQinm2Dnt8cFMuQa9K33J60=
golang.org/x/net v0.50.0/go.mod h1:UgoSli3F/pBgdJBHCTc+tp3gmrU4XswgGRgtnwWTfyM=
